{
  "projects": [
    {
      "projectId": "4tTviu1Gez95GrtZqYmoTR",
      "version": "latest",
      "dependencies": {},
      "lang": "ts",
      "fileLocks": [
        {
          "type": "globalVariant",
          "assetId": "hn9gJrcvmko5",
          "checksum": "6a5c6d60f3a98ea5656573192769adce"
        },
        {
          "assetId": "4tTviu1Gez95GrtZqYmoTR",
          "type": "projectCss",
          "checksum": "0a77094c011c42b506de26e61d7c9716"
        },
        {
          "type": "renderModule",
          "assetId": "R3mHrgqVRUpt",
          "checksum": "d705eb0c515a92c5ce9f43b01d70eb15"
        },
        {
          "type": "cssRules",
          "assetId": "R3mHrgqVRUpt",
          "checksum": "d705eb0c515a92c5ce9f43b01d70eb15"
        }
      ],
      "codegenVersion": "0.0.1"
    }
  ],
  "cliVersion": "0.1.338"
}
